
Microsoft Visual Studio Solution File, Format Version 12.00
# Visual Studio Version 17
VisualStudioVersion = 17.10.34928.147
MinimumVisualStudioVersion = 10.0.40219.1
Project("{FAE04EC0-301F-11D3-BF4B-00C04F79EFBC}") = "Children", "Children\Children.csproj", "{141053E4-C552-4B55-951C-4B9F32DC75C8}"
EndProject
Global
	GlobalSection(SolutionConfigurationPlatforms) = preSolution
		Debug|Any CPU = Debug|Any CPU
		Release|Any CPU = Release|Any CPU
	EndGlobalSection
	GlobalSection(ProjectConfigurationPlatforms) = postSolution
		{141053E4-C552-4B55-951C-4B9F32DC75C8}.Debug|Any CPU.ActiveCfg = Debug|Any CPU
		{141053E4-C552-4B55-951C-4B9F32DC75C8}.Debug|Any CPU.Build.0 = Debug|Any CPU
		{141053E4-C552-4B55-951C-4B9F32DC75C8}.Release|Any CPU.ActiveCfg = Release|Any CPU
		{141053E4-C552-4B55-951C-4B9F32DC75C8}.Release|Any CPU.Build.0 = Release|Any CPU
	EndGlobalSection
	GlobalSection(SolutionProperties) = preSolution
		HideSolutionNode = FALSE
	EndGlobalSection
	GlobalSection(ExtensibilityGlobals) = postSolution
		SolutionGuid = {E576D18C-2010-4EA3-85D5-110B2CD0F596}
	EndGlobalSection
EndGlobal
